
Microsoft Visual Studio Solution File, Format Version 12.00
# Visual Studio 14
VisualStudioVersion = 14.0.23107.0
MinimumVisualStudioVersion = 10.0.40219.1
Project("{FAE04EC0-301F-11D3-BF4B-00C04F79EFBC}") = "DVT.DataAccess", "DVT.DataAccess\DVT.DataAccess.csproj", "{ACC119C3-885A-48A7-AEB0-47B74266D0F2}"
EndProject
Project("{FAE04EC0-301F-11D3-BF4B-00C04F79EFBC}") = "DVT.ManagementSystem", "DVT.ManagementSystem\DVT.ManagementSystem.csproj", "{CFF83842-6A67-40D5-95C8-06489DA4A5C2}"
EndProject
Global
	GlobalSection(SolutionConfigurationPlatforms) = preSolution
		Debug|Any CPU = Debug|Any CPU
		Release|Any CPU = Release|Any CPU
	EndGlobalSection
	GlobalSection(ProjectConfigurationPlatforms) = postSolution
		{ACC119C3-885A-48A7-AEB0-47B74266D0F2}.Debug|Any CPU.ActiveCfg = Debug|Any CPU
		{ACC119C3-885A-48A7-AEB0-47B74266D0F2}.Debug|Any CPU.Build.0 = Debug|Any CPU
		{ACC119C3-885A-48A7-AEB0-47B74266D0F2}.Release|Any CPU.ActiveCfg = Release|Any CPU
		{ACC119C3-885A-48A7-AEB0-47B74266D0F2}.Release|Any CPU.Build.0 = Release|Any CPU
		{CFF83842-6A67-40D5-95C8-06489DA4A5C2}.Debug|Any CPU.ActiveCfg = Debug|Any CPU
		{CFF83842-6A67-40D5-95C8-06489DA4A5C2}.Debug|Any CPU.Build.0 = Debug|Any CPU
		{CFF83842-6A67-40D5-95C8-06489DA4A5C2}.Release|Any CPU.ActiveCfg = Release|Any CPU
		{CFF83842-6A67-40D5-95C8-06489DA4A5C2}.Release|Any CPU.Build.0 = Release|Any CPU
	EndGlobalSection
	GlobalSection(SolutionProperties) = preSolution
		HideSolutionNode = FALSE
	EndGlobalSection
EndGlobal
